<?xml version="1.0" encoding="utf-8"?>
<Project ToolsVersion="4.0" xmlns="http://schemas.microsoft.com/developer/msbuild/2003">
  <ItemGroup>
    <Filter Include="Source Files">
      <UniqueIdentifier>{4FC737F1-C7A5-4376-A066-2A32D752A2FF}</UniqueIdentifier>
      <Extensions>cpp;c;cc;cxx;def;odl;idl;hpj;bat;asm;asmx</Extensions>
    </Filter>
    <Filter Include="Header Files">
      <UniqueIdentifier>{93995380-89BD-4b04-88EB-625FBE52EBFB}</UniqueIdentifier>
      <Extensions>h;hh;hpp;hxx;hm;inl;inc;ipp;xsd</Extensions>
    </Filter>
    <Filter Include="Resource Files">
      <UniqueIdentifier>{67DA6AB6-F800-4c08-8B7A-83BB121AAD01}</UniqueIdentifier>
      <Extensions>rc;ico;cur;bmp;dlg;rc2;rct;bin;rgs;gif;jpg;jpeg;jpe;resx;tiff;tif;png;wav;mfcribbon-ms</Extensions>
    </Filter>
  </ItemGroup>
  <ItemGroup>
    <ClCompile Include="..\..\unittests\CNameRecordTests.c">
      <Filter>Source Files</Filter>
    </ClCompile>
    <ClCompile Include="..\..\unittests\DNSMessageTest.c">
      <Filter>Source Files</Filter>
    </ClCompile>
    <ClCompile Include="..\..\unittests\DomainNameTest.c">
      <Filter>Source Files</Filter>
    </ClCompile>
    <ClCompile Include="..\..\unittests\InterfaceTest.c">
      <Filter>Source Files</Filter>
    </ClCompile>
    <ClCompile Include="..\..\unittests\LocalOnlyTimeoutTests.c">
      <Filter>Source Files</Filter>
    </ClCompile>
    <ClCompile Include="..\..\unittests\main.c">
      <Filter>Source Files</Filter>
    </ClCompile>
    <ClCompile Include="..\..\unittests\mDNSCoreReceiveTest.c">
      <Filter>Source Files</Filter>
    </ClCompile>
    <ClCompile Include="..\..\unittests\ResourceRecordTest.c">
      <Filter>Source Files</Filter>
    </ClCompile>
    <ClCompile Include="..\..\unittests\unittest.c">
      <Filter>Source Files</Filter>
    </ClCompile>
    <ClCompile Include="..\..\unittests\unittest_common.c">
      <Filter>Source Files</Filter>
    </ClCompile>
    <ClCompile Include="..\..\mDNSCore\anonymous.c">
      <Filter>Source Files</Filter>
    </ClCompile>
    <ClCompile Include="..\..\mDNSCore\CryptoAlg.c">
      <Filter>Source Files</Filter>
    </ClCompile>
    <ClCompile Include="..\..\mDNSCore\DNSCommon.c">
      <Filter>Source Files</Filter>
    </ClCompile>
    <ClCompile Include="..\..\mDNSCore\DNSDigest.c">
      <Filter>Source Files</Filter>
    </ClCompile>
    <ClCompile Include="..\..\mDNSCore\uDNS.c">
      <Filter>Source Files</Filter>
    </ClCompile>
    <ClCompile Include="..\mDNSWin32.c">
      <Filter>Source Files</Filter>
    </ClCompile>
    <ClCompile Include="..\Poll.c">
      <Filter>Source Files</Filter>
    </ClCompile>
    <ClCompile Include="..\PosixCompat.c">
      <Filter>Source Files</Filter>
    </ClCompile>
    <ClCompile Include="..\SystemService\Service.c">
      <Filter>Source Files</Filter>
    </ClCompile>
    <ClCompile Include="wmain.c">
      <Filter>Source Files</Filter>
    </ClCompile>
    <ClCompile Include="..\SystemService\Firewall.cpp">
      <Filter>Source Files</Filter>
    </ClCompile>
    <ClCompile Include="..\..\mDNSShared\LegacyNATTraversal.c">
      <Filter>Source Files</Filter>
    </ClCompile>
    <ClCompile Include="..\..\mDNSShared\mDNSDebug.c">
      <Filter>Source Files</Filter>
    </ClCompile>
    <ClCompile Include="..\Secret.c">
      <Filter>Source Files</Filter>
    </ClCompile>
    <ClCompile Include="..\..\mDNSShared\GenLinkedList.c">
      <Filter>Source Files</Filter>
    </ClCompile>
    <ClCompile Include="..\..\mDNSShared\dnssd_ipc.c">
      <Filter>Source Files</Filter>
    </ClCompile>
    <ClCompile Include="..\..\mDNSShared\uds_daemon.c">
      <Filter>Source Files</Filter>
    </ClCompile>
    <ClCompile Include="..\..\mDNSCore\mDNS.c">
      <Filter>Source Files</Filter>
    </ClCompile>
    <ClCompile Include="..\..\mDNSShared\DebugServices.c">
      <Filter>Source Files</Filter>
    </ClCompile>
  </ItemGroup>
  <ItemGroup>
    <ClInclude Include="..\..\mDNSCore\anonymous.h">
      <Filter>Header Files</Filter>
    </ClInclude>
    <ClInclude Include="..\..\unittests\CNameRecordTests.h">
      <Filter>Header Files</Filter>
    </ClInclude>
    <ClInclude Include="..\..\mDNSCore\CryptoAlg.h">
      <Filter>Header Files</Filter>
    </ClInclude>
    <ClInclude Include="..\..\mDNSCore\DNSCommon.h">
      <Filter>Header Files</Filter>
    </ClInclude>
    <ClInclude Include="..\..\unittests\DNSMessageTest.h">
      <Filter>Header Files</Filter>
    </ClInclude>
    <ClInclude Include="..\..\unittests\DomainNameTest.h">
      <Filter>Header Files</Filter>
    </ClInclude>
    <ClInclude Include="..\..\unittests\mDNSCoreReceiveTest.h">
      <Filter>Header Files</Filter>
    </ClInclude>
    <ClInclude Include="..\..\mDNSCore\mDNSDebug.h">
      <Filter>Header Files</Filter>
    </ClInclude>
    <ClInclude Include="..\..\mDNSCore\mDNSEmbeddedAPI.h">
      <Filter>Header Files</Filter>
    </ClInclude>
    <ClInclude Include="..\..\unittests\LocalOnlyTimeoutTests.h">
      <Filter>Header Files</Filter>
    </ClInclude>
    <ClInclude Include="..\..\unittests\ResourceRecordTest.h">
      <Filter>Header Files</Filter>
    </ClInclude>
    <ClInclude Include="..\..\mDNSCore\uDNS.h">
      <Filter>Header Files</Filter>
    </ClInclude>
    <ClInclude Include="..\..\unittests\unittest_common.h">
      <Filter>Header Files</Filter>
    </ClInclude>
    <ClInclude Include="..\..\unittests\unittest.h">
      <Filter>Header Files</Filter>
    </ClInclude>
    <ClInclude Include="..\SystemService\Service.h">
      <Filter>Header Files</Filter>
    </ClInclude>
    <ClInclude Include="..\mDNSWin32.h">
      <Filter>Header Files</Filter>
    </ClInclude>
    <ClInclude Include="..\Poll.h">
      <Filter>Header Files</Filter>
    </ClInclude>
    <ClInclude Include="..\PosixCompat.h">
      <Filter>Header Files</Filter>
    </ClInclude>
    <ClInclude Include="..\WinVersRes.h">
      <Filter>Header Files</Filter>
    </ClInclude>
    <ClInclude Include="..\..\mDNSShared\dns_sd.h">
      <Filter>Header Files</Filter>
    </ClInclude>
    <ClInclude Include="..\..\mDNSShared\dns_sd_internal.h">
      <Filter>Header Files</Filter>
    </ClInclude>
    <ClInclude Include="..\..\unittests\..\unittests\InterfaceTest.h">
      <Filter>Header Files</Filter>
    </ClInclude>
    <ClInclude Include="..\SystemService\Firewall.h">
      <Filter>Header Files</Filter>
    </ClInclude>
    <ClInclude Include="..\..\mDNSShared\uds_daemon.h">
      <Filter>Header Files</Filter>
    </ClInclude>
    <ClInclude Include="..\..\mDNSShared\DebugServices.h">
      <Filter>Header Files</Filter>
    </ClInclude>
    <ClInclude Include="..\Secret.h">
      <Filter>Header Files</Filter>
    </ClInclude>
    <ClInclude Include="..\..\mDNSShared\GenLinkedList.h">
      <Filter>Header Files</Filter>
    </ClInclude>
    <ClInclude Include="..\..\mDNSShared\dnssd_ipc.h">
      <Filter>Header Files</Filter>
    </ClInclude>
  </ItemGroup>
  <ItemGroup>
    <None Include="..\SystemService\EventLog.mc">
      <Filter>Source Files</Filter>
    </None>
  </ItemGroup>
</Project>