<?xml version="1.0" encoding="utf-8"?>
<Project ToolsVersion="4.0" xmlns="http://schemas.microsoft.com/developer/msbuild/2003">
  <ItemGroup>
    <Filter Include="Source Files">
      <UniqueIdentifier>{2b2c0e06-3d75-454b-92c9-8a8ee70efae9}</UniqueIdentifier>
    </Filter>
    <Filter Include="Resource Files">
      <UniqueIdentifier>{dd1b9992-b49e-40c2-b81c-2483ee9505da}</UniqueIdentifier>
      <Extensions>ico;cur;bmp;dlg;rc2;rct;bin;rgs;gif;jpg;jpeg;jpe;rc</Extensions>
    </Filter>
    <Filter Include="Support">
      <UniqueIdentifier>{42c7689c-8588-460e-81ea-469d49583948}</UniqueIdentifier>
    </Filter>
  </ItemGroup>
  <ItemGroup>
    <ClCompile Include="AboutDialog.cpp">
      <Filter>Source Files</Filter>
    </ClCompile>
    <ClCompile Include="DNSServiceBrowser.cpp">
      <Filter>Source Files</Filter>
    </ClCompile>
    <ClCompile Include="ChooserDialog.cpp">
      <Filter>Source Files</Filter>
    </ClCompile>
    <ClCompile Include="LoginDialog.cpp">
      <Filter>Source Files</Filter>
    </ClCompile>
    <ClCompile Include="StdAfx.cpp">
      <Filter>Source Files</Filter>
    </ClCompile>
  </ItemGroup>
  <ItemGroup>
    <ClInclude Include="AboutDialog.h">
      <Filter>Source Files</Filter>
    </ClInclude>
    <ClInclude Include="DNSServiceBrowser.h">
      <Filter>Source Files</Filter>
    </ClInclude>
    <ClInclude Include="ChooserDialog.h">
      <Filter>Source Files</Filter>
    </ClInclude>
    <ClInclude Include="LoginDialog.h">
      <Filter>Source Files</Filter>
    </ClInclude>
    <ClInclude Include="StdAfx.h">
      <Filter>Source Files</Filter>
    </ClInclude>
    <ClInclude Include="..\..\mDNSShared\dns_sd.h">
      <Filter>Support</Filter>
    </ClInclude>
    <ClInclude Include="Resources\Resource.h" />
  </ItemGroup>
  <ItemGroup>
    <Image Include="Resources\DNSServiceBrowser.ico">
      <Filter>Resource Files</Filter>
    </Image>
  </ItemGroup>
  <ItemGroup>
    <ResourceCompile Include="Resources\DNSServiceBrowser.rc">
      <Filter>Resource Files</Filter>
    </ResourceCompile>
  </ItemGroup>
  <ItemGroup>
    <None Include="Resources\DNSServiceBrowser.rc2">
      <Filter>Resource Files</Filter>
    </None>
  </ItemGroup>
</Project>