<?xml version="1.0" encoding="utf-8"?>
<Project ToolsVersion="4.0" xmlns="http://schemas.microsoft.com/developer/msbuild/2003">
  <ItemGroup>
    <Filter Include="Source Files">
      <UniqueIdentifier>{2b2c0e06-3d75-454b-92c9-8a8ee70efae9}</UniqueIdentifier>
    </Filter>
    <Filter Include="Resource Files">
      <UniqueIdentifier>{dd1b9992-b49e-40c2-b81c-2483ee9505da}</UniqueIdentifier>
      <Extensions>ico;cur;bmp;dlg;rc2;rct;bin;rgs;gif;jpg;jpeg;jpe;rc</Extensions>
    </Filter>
    <Filter Include="Support">
      <UniqueIdentifier>{42c7689c-8588-460e-81ea-469d49583948}</UniqueIdentifier>
    </Filter>
  </ItemGroup>
  <ItemGroup>
    <ClCompile Include="Sources\AboutDialog.cpp">
      <Filter>Source Files</Filter>
    </ClCompile>
    <ClCompile Include="Sources\DNSServiceBrowser.cpp">
      <Filter>Source Files</Filter>
    </ClCompile>
    <ClCompile Include="Sources\ChooserDialog.cpp">
      <Filter>Source Files</Filter>
    </ClCompile>
    <ClCompile Include="Sources\LoginDialog.cpp">
      <Filter>Source Files</Filter>
    </ClCompile>
    <ClCompile Include="Sources\StdAfx.cpp">
      <Filter>Source Files</Filter>
    </ClCompile>
    <ClCompile Include="..\..\..\..\mDNSCore\DNSCommon.c">
      <Filter>Support</Filter>
    </ClCompile>
    <ClCompile Include="..\..\..\..\mDNSCore\DNSDigest.c">
      <Filter>Support</Filter>
    </ClCompile>
    <ClCompile Include="..\..\..\DNSServices\DNSServices.c">
      <Filter>Support</Filter>
    </ClCompile>
    <ClCompile Include="..\..\..\DebugServices.c">
      <Filter>Support</Filter>
    </ClCompile>
    <ClCompile Include="..\..\..\..\mDNSCore\mDNS.c">
      <Filter>Support</Filter>
    </ClCompile>
    <ClCompile Include="..\..\..\mDNSWin32.c">
      <Filter>Support</Filter>
    </ClCompile>
    <ClCompile Include="..\..\..\..\mDNSCore\uDNS.c">
      <Filter>Support</Filter>
    </ClCompile>
  </ItemGroup>
  <ItemGroup>
    <ClInclude Include="Sources\AboutDialog.h">
      <Filter>Source Files</Filter>
    </ClInclude>
    <ClInclude Include="Sources\DNSServiceBrowser.h">
      <Filter>Source Files</Filter>
    </ClInclude>
    <ClInclude Include="Sources\ChooserDialog.h">
      <Filter>Source Files</Filter>
    </ClInclude>
    <ClInclude Include="Sources\LoginDialog.h">
      <Filter>Source Files</Filter>
    </ClInclude>
    <ClInclude Include="Sources\StdAfx.h">
      <Filter>Source Files</Filter>
    </ClInclude>
    <ClInclude Include="Resources\Resource.h">
      <Filter>Resource Files</Filter>
    </ClInclude>
    <ClInclude Include="..\..\..\CommonServices.h">
      <Filter>Support</Filter>
    </ClInclude>
    <ClInclude Include="..\..\..\..\mDNSCore\DNSCommon.h">
      <Filter>Support</Filter>
    </ClInclude>
    <ClInclude Include="..\..\..\DebugServices.h">
      <Filter>Support</Filter>
    </ClInclude>
    <ClInclude Include="..\..\..\..\mDNSCore\mDNSClientAPI.h">
      <Filter>Support</Filter>
    </ClInclude>
    <ClInclude Include="..\..\..\..\mDNSCore\mDNSDebug.h">
      <Filter>Support</Filter>
    </ClInclude>
    <ClInclude Include="..\..\..\..\mDNSCore\uDNS.h">
      <Filter>Support</Filter>
    </ClInclude>
  </ItemGroup>
  <ItemGroup>
    <Image Include="Resources\DNSServiceBrowser.ico">
      <Filter>Resource Files</Filter>
    </Image>
  </ItemGroup>
  <ItemGroup>
    <ResourceCompile Include="Resources\DNSServiceBrowser.rc">
      <Filter>Resource Files</Filter>
    </ResourceCompile>
  </ItemGroup>
  <ItemGroup>
    <None Include="Resources\DNSServiceBrowser.rc2">
      <Filter>Resource Files</Filter>
    </None>
  </ItemGroup>
</Project>